
Microsoft Visual Studio Solution File, Format Version 12.00
# Visual Studio 15
VisualStudioVersion = 15.0.27130.0
MinimumVisualStudioVersion = 10.0.40219.1
Project("{FAE04EC0-301F-11D3-BF4B-00C04F79EFBC}") = "SaveSafeRemake", "SaveSafeRemake\SaveSafeRemake.csproj", "{B4BC8656-215D-4F64-B949-30AF0428C1FD}"
EndProject
Global
	GlobalSection(SolutionConfigurationPlatforms) = preSolution
		Debug|Any CPU = Debug|Any CPU
		Release|Any CPU = Release|Any CPU
	EndGlobalSection
	GlobalSection(ProjectConfigurationPlatforms) = postSolution
		{B4BC8656-215D-4F64-B949-30AF0428C1FD}.Debug|Any CPU.ActiveCfg = Debug|Any CPU
		{B4BC8656-215D-4F64-B949-30AF0428C1FD}.Debug|Any CPU.Build.0 = Debug|Any CPU
		{B4BC8656-215D-4F64-B949-30AF0428C1FD}.Release|Any CPU.ActiveCfg = Release|Any CPU
		{B4BC8656-215D-4F64-B949-30AF0428C1FD}.Release|Any CPU.Build.0 = Release|Any CPU
	EndGlobalSection
	GlobalSection(SolutionProperties) = preSolution
		HideSolutionNode = FALSE
	EndGlobalSection
	GlobalSection(ExtensibilityGlobals) = postSolution
		SolutionGuid = {CC913732-9809-468C-8028-53241E49031A}
	EndGlobalSection
EndGlobal
